{
    "_readme": [
        "This file locks the dependencies of your project to a known state",
        "Read more about it at http://getcomposer.org/doc/01-basic-usage.md#composer-lock-the-lock-file",
        "This file is @generated automatically"
    ],
    "hash": "326f4750edee31403faa6df9c5ef5ec3",
    "packages": [
        {
            "name": "justintadlock/hybrid-core",
            "version": "2.0.2",
            "source": {
                "type": "git",
                "url": "https://github.com/justintadlock/hybrid-core.git",
                "reference": "c136a0742d34ca0c0ff01958ec37855e8d2c8e8c"
            },
            "dist": {
                "type": "zip",
                "url": "https://api.github.com/repos/justintadlock/hybrid-core/zipball/c136a0742d34ca0c0ff01958ec37855e8d2c8e8c",
                "reference": "c136a0742d34ca0c0ff01958ec37855e8d2c8e8c",
                "shasum": ""
            },
            "type": "library",
            "autoload": {
                "classmap": [
                    "hybrid.php"
                ]
            },
            "notification-url": "https://packagist.org/downloads/",
            "license": [
                "GPL-2.0+"
            ],
            "authors": [
                {
                    "name": "Justin Tadlock",
                    "email": "justin@justintadlock.com",
                    "homepage": "http://justintadlock.com"
                }
            ],
            "description": "Hybrid Core WordPress theme framework",
            "homepage": "http://themehybrid.com/hybrid-core",
            "keywords": [
                "wordpress"
            ],
            "time": "2014-08-12 14:41:22"
        }
    ],
    "packages-dev": [

    ],
    "aliases": [

    ],
    "minimum-stability": "stable",
    "stability-flags": [

    ],
    "prefer-stable": false,
    "platform": [

    ],
    "platform-dev": [

    ]
}
